// !$*UTF8*$!
{
	archiveVersion = 1;
	classes = {
	};
	objectVersion = 46;
	objects = {

/* Begin PBXBuildFile section */
		2C815EB71947BEBD00E2BE06 /* Foundation.framework in Frameworks */ = {isa = PBXBuildFile; fileRef = 2C815EB61947BEBD00E2BE06 /* Foundation.framework */; };
		2C815EB91947BEBD00E2BE06 /* CoreGraphics.framework in Frameworks */ = {isa = PBXBuildFile; fileRef = 2C815EB81947BEBD00E2BE06 /* CoreGraphics.framework */; };
		2C815EBB1947BEBD00E2BE06 /* UIKit.framework in Frameworks */ = {isa = PBXBuildFile; fileRef = 2C815EBA1947BEBD00E2BE06 /* UIKit.framework */; };
		2C815EC11947BEBD00E2BE06 /* InfoPlist.strings in Resources */ = {isa = PBXBuildFile; fileRef = 2C815EBF1947BEBD00E2BE06 /* InfoPlist.strings */; };
		2C815EC31947BEBD00E2BE06 /* main.m in Sources */ = {isa = PBXBuildFile; fileRef = 2C815EC21947BEBD00E2BE06 /* main.m */; };
		2C815EC71947BEBD00E2BE06 /* AppDelegate.m in Sources */ = {isa = PBXBuildFile; fileRef = 2C815EC61947BEBD00E2BE06 /* AppDelegate.m */; };
		2C815EC91947BEBD00E2BE06 /* Images.xcassets in Resources */ = {isa = PBXBuildFile; fileRef = 2C815EC81947BEBD00E2BE06 /* Images.xcassets */; };
		2C815ED01947BEBD00E2BE06 /* XCTest.framework in Frameworks */ = {isa = PBXBuildFile; fileRef = 2C815ECF1947BEBD00E2BE06 /* XCTest.framework */; };
		2C815ED11947BEBD00E2BE06 /* Foundation.framework in Frameworks */ = {isa = PBXBuildFile; fileRef = 2C815EB61947BEBD00E2BE06 /* Foundation.framework */; };
		2C815ED21947BEBD00E2BE06 /* UIKit.framework in Frameworks */ = {isa = PBXBuildFile; fileRef = 2C815EBA1947BEBD00E2BE06 /* UIKit.framework */; };
		2C815EDA1947BEBD00E2BE06 /* InfoPlist.strings in Resources */ = {isa = PBXBuildFile; fileRef = 2C815ED81947BEBD00E2BE06 /* InfoPlist.strings */; };
		2C815EDC1947BEBD00E2BE06 /* StoryBoardTestTests.m in Sources */ = {isa = PBXBuildFile; fileRef = 2C815EDB1947BEBD00E2BE06 /* StoryBoardTestTests.m */; };
		2C815EE61947BF1800E2BE06 /* Storyboard.storyboard in Resources */ = {isa = PBXBuildFile; fileRef = 2C815EE51947BF1800E2BE06 /* Storyboard.storyboard */; };
		2CCE13041947D03200E6BD76 /* Storyboardfor4.0.storyboard in Resources */ = {isa = PBXBuildFile; fileRef = 2CCE13031947D03200E6BD76 /* Storyboardfor4.0.storyboard */; };
/* End PBXBuildFile section */

/* Begin PBXContainerItemProxy section */
		2C815ED31947BEBD00E2BE06 /* PBXContainerItemProxy */ = {
			isa = PBXContainerItemProxy;
			containerPortal = 2C815EAB1947BEBC00E2BE06 /* Project object */;
			proxyType = 1;
			remoteGlobalIDString = 2C815EB21947BEBD00E2BE06;
			remoteInfo = StoryBoardTest;
		};
/* End PBXContainerItemProxy section */

/* Begin PBXFileReference section */
		2C815EB31947BEBD00E2BE06 /* StoryBoardTest.app */ = {isa = PBXFileReference; explicitFileType = wrapper.application; includeInIndex = 0; path = StoryBoardTest.app; sourceTree = BUILT_PRODUCTS_DIR; };
		2C815EB61947BEBD00E2BE06 /* Foundation.framework */ = {isa = PBXFileReference; lastKnownFileType = wrapper.framework; name = Foundation.framework; path = System/Library/Frameworks/Foundation.framework; sourceTree = SDKROOT; };
		2C815EB81947BEBD00E2BE06 /* CoreGraphics.framework */ = {isa = PBXFileReference; lastKnownFileType = wrapper.framework; name = CoreGraphics.framework; path = System/Library/Frameworks/CoreGraphics.framework; sourceTree = SDKROOT; };
		2C815EBA1947BEBD00E2BE06 /* UIKit.framework */ = {isa = PBXFileReference; lastKnownFileType = wrapper.framework; name = UIKit.framework; path = System/Library/Frameworks/UIKit.framework; sourceTree = SDKROOT; };
		2C815EBE1947BEBD00E2BE06 /* StoryBoardTest-Info.plist */ = {isa = PBXFileReference; lastKnownFileType = text.plist.xml; path = "StoryBoardTest-Info.plist"; sourceTree = "<group>"; };
		2C815EC01947BEBD00E2BE06 /* en */ = {isa = PBXFileReference; lastKnownFileType = text.plist.strings; name = en; path = en.lproj/InfoPlist.strings; sourceTree = "<group>"; };
		2C815EC21947BEBD00E2BE06 /* main.m */ = {isa = PBXFileReference; lastKnownFileType = sourcecode.c.objc; path = main.m; sourceTree = "<group>"; };
		2C815EC41947BEBD00E2BE06 /* StoryBoardTest-Prefix.pch */ = {isa = PBXFileReference; lastKnownFileType = sourcecode.c.h; path = "StoryBoardTest-Prefix.pch"; sourceTree = "<group>"; };
		2C815EC51947BEBD00E2BE06 /* AppDelegate.h */ = {isa = PBXFileReference; lastKnownFileType = sourcecode.c.h; path = AppDelegate.h; sourceTree = "<group>"; };
		2C815EC61947BEBD00E2BE06 /* AppDelegate.m */ = {isa = PBXFileReference; lastKnownFileType = sourcecode.c.objc; path = AppDelegate.m; sourceTree = "<group>"; };
		2C815EC81947BEBD00E2BE06 /* Images.xcassets */ = {isa = PBXFileReference; lastKnownFileType = folder.assetcatalog; path = Images.xcassets; sourceTree = "<group>"; };
		2C815ECE1947BEBD00E2BE06 /* StoryBoardTestTests.xctest */ = {isa = PBXFileReference; explicitFileType = wrapper.cfbundle; includeInIndex = 0; path = StoryBoardTestTests.xctest; sourceTree = BUILT_PRODUCTS_DIR; };
		2C815ECF1947BEBD00E2BE06 /* XCTest.framework */ = {isa = PBXFileReference; lastKnownFileType = wrapper.framework; name = XCTest.framework; path = Library/Frameworks/XCTest.framework; sourceTree = DEVELOPER_DIR; };
		2C815ED71947BEBD00E2BE06 /* StoryBoardTestTests-Info.plist */ = {isa = PBXFileReference; lastKnownFileType = text.plist.xml; path = "StoryBoardTestTests-Info.plist"; sourceTree = "<group>"; };
		2C815ED91947BEBD00E2BE06 /* en */ = {isa = PBXFileReference; lastKnownFileType = text.plist.strings; name = en; path = en.lproj/InfoPlist.strings; sourceTree = "<group>"; };
		2C815EDB1947BEBD00E2BE06 /* StoryBoardTestTests.m */ = {isa = PBXFileReference; lastKnownFileType = sourcecode.c.objc; path = StoryBoardTestTests.m; sourceTree = "<group>"; };
		2C815EE51947BF1800E2BE06 /* Storyboard.storyboard */ = {isa = PBXFileReference; fileEncoding = 4; lastKnownFileType = file.storyboard; path = Storyboard.storyboard; sourceTree = "<group>"; };
		2CCE13031947D03200E6BD76 /* Storyboardfor4.0.storyboard */ = {isa = PBXFileReference; fileEncoding = 4; lastKnownFileType = file.storyboard; path = Storyboardfor4.0.storyboard; sourceTree = "<group>"; };
/* End PBXFileReference section */

/* Begin PBXFrameworksBuildPhase section */
		2C815EB01947BEBD00E2BE06 /* Frameworks */ = {
			isa = PBXFrameworksBuildPhase;
			buildActionMask = 2147483647;
			files = (
				2C815EB91947BEBD00E2BE06 /* CoreGraphics.framework in Frameworks */,
				2C815EBB1947BEBD00E2BE06 /* UIKit.framework in Frameworks */,
				2C815EB71947BEBD00E2BE06 /* Foundation.framework in Frameworks */,
			);
			runOnlyForDeploymentPostprocessing = 0;
		};
		2C815ECB1947BEBD00E2BE06 /* Frameworks */ = {
			isa = PBXFrameworksBuildPhase;
			buildActionMask = 2147483647;
			files = (
				2C815ED01947BEBD00E2BE06 /* XCTest.framework in Frameworks */,
				2C815ED21947BEBD00E2BE06 /* UIKit.framework in Frameworks */,
				2C815ED11947BEBD00E2BE06 /* Foundation.framework in Frameworks */,
			);
			runOnlyForDeploymentPostprocessing = 0;
		};
/* End PBXFrameworksBuildPhase section */

/* Begin PBXGroup section */
		2C815EAA1947BEBC00E2BE06 = {
			isa = PBXGroup;
			children = (
				2C815EBC1947BEBD00E2BE06 /* StoryBoardTest */,
				2C815ED51947BEBD00E2BE06 /* StoryBoardTestTests */,
				2C815EB51947BEBD00E2BE06 /* Frameworks */,
				2C815EB41947BEBD00E2BE06 /* Products */,
			);
			sourceTree = "<group>";
		};
		2C815EB41947BEBD00E2BE06 /* Products */ = {
			isa = PBXGroup;
			children = (
				2C815EB31947BEBD00E2BE06 /* StoryBoardTest.app */,
				2C815ECE1947BEBD00E2BE06 /* StoryBoardTestTests.xctest */,
			);
			name = Products;
			sourceTree = "<group>";
		};
		2C815EB51947BEBD00E2BE06 /* Frameworks */ = {
			isa = PBXGroup;
			children = (
				2C815EB61947BEBD00E2BE06 /* Foundation.framework */,
				2C815EB81947BEBD00E2BE06 /* CoreGraphics.framework */,
				2C815EBA1947BEBD00E2BE06 /* UIKit.framework */,
				2C815ECF1947BEBD00E2BE06 /* XCTest.framework */,
			);
			name = Frameworks;
			sourceTree = "<group>";
		};
		2C815EBC1947BEBD00E2BE06 /* StoryBoardTest */ = {
			isa = PBXGroup;
			children = (
				2C815EE51947BF1800E2BE06 /* Storyboard.storyboard */,
				2CCE13031947D03200E6BD76 /* Storyboardfor4.0.storyboard */,
				2C815EC51947BEBD00E2BE06 /* AppDelegate.h */,
				2C815EC61947BEBD00E2BE06 /* AppDelegate.m */,
				2C815EC81947BEBD00E2BE06 /* Images.xcassets */,
				2C815EBD1947BEBD00E2BE06 /* Supporting Files */,
			);
			path = StoryBoardTest;
			sourceTree = "<group>";
		};
		2C815EBD1947BEBD00E2BE06 /* Supporting Files */ = {
			isa = PBXGroup;
			children = (
				2C815EBE1947BEBD00E2BE06 /* StoryBoardTest-Info.plist */,
				2C815EBF1947BEBD00E2BE06 /* InfoPlist.strings */,
				2C815EC21947BEBD00E2BE06 /* main.m */,
				2C815EC41947BEBD00E2BE06 /* StoryBoardTest-Prefix.pch */,
			);
			name = "Supporting Files";
			sourceTree = "<group>";
		};
		2C815ED51947BEBD00E2BE06 /* StoryBoardTestTests */ = {
			isa = PBXGroup;
			children = (
				2C815EDB1947BEBD00E2BE06 /* StoryBoardTestTests.m */,
				2C815ED61947BEBD00E2BE06 /* Supporting Files */,
			);
			path = StoryBoardTestTests;
			sourceTree = "<group>";
		};
		2C815ED61947BEBD00E2BE06 /* Supporting Files */ = {
			isa = PBXGroup;
			children = (
				2C815ED71947BEBD00E2BE06 /* StoryBoardTestTests-Info.plist */,
				2C815ED81947BEBD00E2BE06 /* InfoPlist.strings */,
			);
			name = "Supporting Files";
			sourceTree = "<group>";
		};
/* End PBXGroup section */

/* Begin PBXNativeTarget section */
		2C815EB21947BEBD00E2BE06 /* StoryBoardTest */ = {
			isa = PBXNativeTarget;
			buildConfigurationList = 2C815EDF1947BEBD00E2BE06 /* Build configuration list for PBXNativeTarget "StoryBoardTest" */;
			buildPhases = (
				2C815EAF1947BEBD00E2BE06 /* Sources */,
				2C815EB01947BEBD00E2BE06 /* Frameworks */,
				2C815EB11947BEBD00E2BE06 /* Resources */,
			);
			buildRules = (
			);
			dependencies = (
			);
			name = StoryBoardTest;
			productName = StoryBoardTest;
			productReference = 2C815EB31947BEBD00E2BE06 /* StoryBoardTest.app */;
			productType = "com.apple.product-type.application";
		};
		2C815ECD1947BEBD00E2BE06 /* StoryBoardTestTests */ = {
			isa = PBXNativeTarget;
			buildConfigurationList = 2C815EE21947BEBD00E2BE06 /* Build configuration list for PBXNativeTarget "StoryBoardTestTests" */;
			buildPhases = (
				2C815ECA1947BEBD00E2BE06 /* Sources */,
				2C815ECB1947BEBD00E2BE06 /* Frameworks */,
				2C815ECC1947BEBD00E2BE06 /* Resources */,
			);
			buildRules = (
			);
			dependencies = (
				2C815ED41947BEBD00E2BE06 /* PBXTargetDependency */,
			);
			name = StoryBoardTestTests;
			productName = StoryBoardTestTests;
			productReference = 2C815ECE1947BEBD00E2BE06 /* StoryBoardTestTests.xctest */;
			productType = "com.apple.product-type.bundle.unit-test";
		};
/* End PBXNativeTarget section */

/* Begin PBXProject section */
		2C815EAB1947BEBC00E2BE06 /* Project object */ = {
			isa = PBXProject;
			attributes = {
				LastUpgradeCheck = 0510;
				ORGANIZATIONNAME = "黄龙辉";
				TargetAttributes = {
					2C815ECD1947BEBD00E2BE06 = {
						TestTargetID = 2C815EB21947BEBD00E2BE06;
					};
				};
			};
			buildConfigurationList = 2C815EAE1947BEBC00E2BE06 /* Build configuration list for PBXProject "StoryBoardTest" */;
			compatibilityVersion = "Xcode 3.2";
			developmentRegion = English;
			hasScannedForEncodings = 0;
			knownRegions = (
				en,
			);
			mainGroup = 2C815EAA1947BEBC00E2BE06;
			productRefGroup = 2C815EB41947BEBD00E2BE06 /* Products */;
			projectDirPath = "";
			projectRoot = "";
			targets = (
				2C815EB21947BEBD00E2BE06 /* StoryBoardTest */,
				2C815ECD1947BEBD00E2BE06 /* StoryBoardTestTests */,
			);
		};
/* End PBXProject section */

/* Begin PBXResourcesBuildPhase section */
		2C815EB11947BEBD00E2BE06 /* Resources */ = {
			isa = PBXResourcesBuildPhase;
			buildActionMask = 2147483647;
			files = (
				2CCE13041947D03200E6BD76 /* Storyboardfor4.0.storyboard in Resources */,
				2C815EC11947BEBD00E2BE06 /* InfoPlist.strings in Resources */,
				2C815EC91947BEBD00E2BE06 /* Images.xcassets in Resources */,
				2C815EE61947BF1800E2BE06 /* Storyboard.storyboard in Resources */,
			);
			runOnlyForDeploymentPostprocessing = 0;
		};
		2C815ECC1947BEBD00E2BE06 /* Resources */ = {
			isa = PBXResourcesBuildPhase;
			buildActionMask = 2147483647;
			files = (
				2C815EDA1947BEBD00E2BE06 /* InfoPlist.strings in Resources */,
			);
			runOnlyForDeploymentPostprocessing = 0;
		};
/* End PBXResourcesBuildPhase section */

/* Begin PBXSourcesBuildPhase section */
		2C815EAF1947BEBD00E2BE06 /* Sources */ = {
			isa = PBXSourcesBuildPhase;
			buildActionMask = 2147483647;
			files = (
				2C815EC71947BEBD00E2BE06 /* AppDelegate.m in Sources */,
				2C815EC31947BEBD00E2BE06 /* main.m in Sources */,
			);
			runOnlyForDeploymentPostprocessing = 0;
		};
		2C815ECA1947BEBD00E2BE06 /* Sources */ = {
			isa = PBXSourcesBuildPhase;
			buildActionMask = 2147483647;
			files = (
				2C815EDC1947BEBD00E2BE06 /* StoryBoardTestTests.m in Sources */,
			);
			runOnlyForDeploymentPostprocessing = 0;
		};
/* End PBXSourcesBuildPhase section */

/* Begin PBXTargetDependency section */
		2C815ED41947BEBD00E2BE06 /* PBXTargetDependency */ = {
			isa = PBXTargetDependency;
			target = 2C815EB21947BEBD00E2BE06 /* StoryBoardTest */;
			targetProxy = 2C815ED31947BEBD00E2BE06 /* PBXContainerItemProxy */;
		};
/* End PBXTargetDependency section */

/* Begin PBXVariantGroup section */
		2C815EBF1947BEBD00E2BE06 /* InfoPlist.strings */ = {
			isa = PBXVariantGroup;
			children = (
				2C815EC01947BEBD00E2BE06 /* en */,
			);
			name = InfoPlist.strings;
			sourceTree = "<group>";
		};
		2C815ED81947BEBD00E2BE06 /* InfoPlist.strings */ = {
			isa = PBXVariantGroup;
			children = (
				2C815ED91947BEBD00E2BE06 /* en */,
			);
			name = InfoPlist.strings;
			sourceTree = "<group>";
		};
/* End PBXVariantGroup section */

/* Begin XCBuildConfiguration section */
		2C815EDD1947BEBD00E2BE06 /* Debug */ = {
			isa = XCBuildConfiguration;
			buildSettings = {
				ALWAYS_SEARCH_USER_PATHS = NO;
				CLANG_CXX_LANGUAGE_STANDARD = "gnu++0x";
				CLANG_CXX_LIBRARY = "libc++";
				CLANG_ENABLE_MODULES = YES;
				CLANG_ENABLE_OBJC_ARC = YES;
				CLANG_WARN_BOOL_CONVERSION = YES;
				CLANG_WARN_CONSTANT_CONVERSION = YES;
				CLANG_WARN_DIRECT_OBJC_ISA_USAGE = YES_ERROR;
				CLANG_WARN_EMPTY_BODY = YES;
				CLANG_WARN_ENUM_CONVERSION = YES;
				CLANG_WARN_INT_CONVERSION = YES;
				CLANG_WARN_OBJC_ROOT_CLASS = YES_ERROR;
				CLANG_WARN__DUPLICATE_METHOD_MATCH = YES;
				"CODE_SIGN_IDENTITY[sdk=iphoneos*]" = "iPhone Developer";
				COPY_PHASE_STRIP = NO;
				GCC_C_LANGUAGE_STANDARD = gnu99;
				GCC_DYNAMIC_NO_PIC = NO;
				GCC_OPTIMIZATION_LEVEL = 0;
				GCC_PREPROCESSOR_DEFINITIONS = (
					"DEBUG=1",
					"$(inherited)",
				);
				GCC_SYMBOLS_PRIVATE_EXTERN = NO;
				GCC_WARN_64_TO_32_BIT_CONVERSION = YES;
				GCC_WARN_ABOUT_RETURN_TYPE = YES_ERROR;
				GCC_WARN_UNDECLARED_SELECTOR = YES;
				GCC_WARN_UNINITIALIZED_AUTOS = YES_AGGRESSIVE;
				GCC_WARN_UNUSED_FUNCTION = YES;
				GCC_WARN_UNUSED_VARIABLE = YES;
				IPHONEOS_DEPLOYMENT_TARGET = 7.1;
				ONLY_ACTIVE_ARCH = YES;
				SDKROOT = iphoneos;
			};
			name = Debug;
		};
		2C815EDE1947BEBD00E2BE06 /* Release */ = {
			isa = XCBuildConfiguration;
			buildSettings = {
				ALWAYS_SEARCH_USER_PATHS = NO;
				CLANG_CXX_LANGUAGE_STANDARD = "gnu++0x";
				CLANG_CXX_LIBRARY = "libc++";
				CLANG_ENABLE_MODULES = YES;
				CLANG_ENABLE_OBJC_ARC = YES;
				CLANG_WARN_BOOL_CONVERSION = YES;
				CLANG_WARN_CONSTANT_CONVERSION = YES;
				CLANG_WARN_DIRECT_OBJC_ISA_USAGE = YES_ERROR;
				CLANG_WARN_EMPTY_BODY = YES;
				CLANG_WARN_ENUM_CONVERSION = YES;
				CLANG_WARN_INT_CONVERSION = YES;
				CLANG_WARN_OBJC_ROOT_CLASS = YES_ERROR;
				CLANG_WARN__DUPLICATE_METHOD_MATCH = YES;
				"CODE_SIGN_IDENTITY[sdk=iphoneos*]" = "iPhone Developer";
				COPY_PHASE_STRIP = YES;
				ENABLE_NS_ASSERTIONS = NO;
				GCC_C_LANGUAGE_STANDARD = gnu99;
				GCC_WARN_64_TO_32_BIT_CONVERSION = YES;
				GCC_WARN_ABOUT_RETURN_TYPE = YES_ERROR;
				GCC_WARN_UNDECLARED_SELECTOR = YES;
				GCC_WARN_UNINITIALIZED_AUTOS = YES_AGGRESSIVE;
				GCC_WARN_UNUSED_FUNCTION = YES;
				GCC_WARN_UNUSED_VARIABLE = YES;
				IPHONEOS_DEPLOYMENT_TARGET = 7.1;
				SDKROOT = iphoneos;
				VALIDATE_PRODUCT = YES;
			};
			name = Release;
		};
		2C815EE01947BEBD00E2BE06 /* Debug */ = {
			isa = XCBuildConfiguration;
			buildSettings = {
				ASSETCATALOG_COMPILER_APPICON_NAME = AppIcon;
				ASSETCATALOG_COMPILER_LAUNCHIMAGE_NAME = LaunchImage;
				GCC_PRECOMPILE_PREFIX_HEADER = YES;
				GCC_PREFIX_HEADER = "StoryBoardTest/StoryBoardTest-Prefix.pch";
				INFOPLIST_FILE = "StoryBoardTest/StoryBoardTest-Info.plist";
				PRODUCT_NAME = "$(TARGET_NAME)";
				WRAPPER_EXTENSION = app;
			};
			name = Debug;
		};
		2C815EE11947BEBD00E2BE06 /* Release */ = {
			isa = XCBuildConfiguration;
			buildSettings = {
				ASSETCATALOG_COMPILER_APPICON_NAME = AppIcon;
				ASSETCATALOG_COMPILER_LAUNCHIMAGE_NAME = LaunchImage;
				GCC_PRECOMPILE_PREFIX_HEADER = YES;
				GCC_PREFIX_HEADER = "StoryBoardTest/StoryBoardTest-Prefix.pch";
				INFOPLIST_FILE = "StoryBoardTest/StoryBoardTest-Info.plist";
				PRODUCT_NAME = "$(TARGET_NAME)";
				WRAPPER_EXTENSION = app;
			};
			name = Release;
		};
		2C815EE31947BEBD00E2BE06 /* Debug */ = {
			isa = XCBuildConfiguration;
			buildSettings = {
				BUNDLE_LOADER = "$(BUILT_PRODUCTS_DIR)/StoryBoardTest.app/StoryBoardTest";
				FRAMEWORK_SEARCH_PATHS = (
					"$(SDKROOT)/Developer/Library/Frameworks",
					"$(inherited)",
					"$(DEVELOPER_FRAMEWORKS_DIR)",
				);
				GCC_PRECOMPILE_PREFIX_HEADER = YES;
				GCC_PREFIX_HEADER = "StoryBoardTest/StoryBoardTest-Prefix.pch";
				GCC_PREPROCESSOR_DEFINITIONS = (
					"DEBUG=1",
					"$(inherited)",
				);
				INFOPLIST_FILE = "StoryBoardTestTests/StoryBoardTestTests-Info.plist";
				PRODUCT_NAME = "$(TARGET_NAME)";
				TEST_HOST = "$(BUNDLE_LOADER)";
				WRAPPER_EXTENSION = xctest;
			};
			name = Debug;
		};
		2C815EE41947BEBD00E2BE06 /* Release */ = {
			isa = XCBuildConfiguration;
			buildSettings = {
				BUNDLE_LOADER = "$(BUILT_PRODUCTS_DIR)/StoryBoardTest.app/StoryBoardTest";
				FRAMEWORK_SEARCH_PATHS = (
					"$(SDKROOT)/Developer/Library/Frameworks",
					"$(inherited)",
					"$(DEVELOPER_FRAMEWORKS_DIR)",
				);
				GCC_PRECOMPILE_PREFIX_HEADER = YES;
				GCC_PREFIX_HEADER = "StoryBoardTest/StoryBoardTest-Prefix.pch";
				INFOPLIST_FILE = "StoryBoardTestTests/StoryBoardTestTests-Info.plist";
				PRODUCT_NAME = "$(TARGET_NAME)";
				TEST_HOST = "$(BUNDLE_LOADER)";
				WRAPPER_EXTENSION = xctest;
			};
			name = Release;
		};
/* End XCBuildConfiguration section */

/* Begin XCConfigurationList section */
		2C815EAE1947BEBC00E2BE06 /* Build configuration list for PBXProject "StoryBoardTest" */ = {
			isa = XCConfigurationList;
			buildConfigurations = (
				2C815EDD1947BEBD00E2BE06 /* Debug */,
				2C815EDE1947BEBD00E2BE06 /* Release */,
			);
			defaultConfigurationIsVisible = 0;
			defaultConfigurationName = Release;
		};
		2C815EDF1947BEBD00E2BE06 /* Build configuration list for PBXNativeTarget "StoryBoardTest" */ = {
			isa = XCConfigurationList;
			buildConfigurations = (
				2C815EE01947BEBD00E2BE06 /* Debug */,
				2C815EE11947BEBD00E2BE06 /* Release */,
			);
			defaultConfigurationIsVisible = 0;
			defaultConfigurationName = Release;
		};
		2C815EE21947BEBD00E2BE06 /* Build configuration list for PBXNativeTarget "StoryBoardTestTests" */ = {
			isa = XCConfigurationList;
			buildConfigurations = (
				2C815EE31947BEBD00E2BE06 /* Debug */,
				2C815EE41947BEBD00E2BE06 /* Release */,
			);
			defaultConfigurationIsVisible = 0;
			defaultConfigurationName = Release;
		};
/* End XCConfigurationList section */
	};
	rootObject = 2C815EAB1947BEBC00E2BE06 /* Project object */;
}
